
Microsoft Visual Studio Solution File, Format Version 12.00
# Visual Studio Version 17
VisualStudioVersion = 17.0.31919.166
MinimumVisualStudioVersion = 10.0.40219.1
Project("{FAE04EC0-301F-11D3-BF4B-00C04F79EFBC}") = "Shapes", "Shapes\Shapes.csproj", "{20580646-0B60-44BF-8F75-4B709AD5CFF4}"
EndProject
Project("{9A19103F-16F7-4668-BE54-9A1E7A4F7556}") = "Excel", "Excel\Excel.csproj", "{B0FF4234-15A9-4827-B2B8-AD9885547840}"
EndProject
Project("{9A19103F-16F7-4668-BE54-9A1E7A4F7556}") = "JsonReader", "JsonReader\JsonReader.csproj", "{9C7A477C-04E0-4A69-A23E-BE3FD8519DDF}"
EndProject
Project("{9A19103F-16F7-4668-BE54-9A1E7A4F7556}") = "VectorTask", "VectorTask\VectorTask.csproj", "{F8F424C1-EF02-44A3-8715-5E96AF9772A0}"
EndProject
Project("{FAE04EC0-301F-11D3-BF4B-00C04F79EFBC}") = "ShapesCreator", "ShapesCreator\ShapesCreator.csproj", "{93680877-6668-4474-87B2-AB4C45E68E02}"
EndProject
Project("{9A19103F-16F7-4668-BE54-9A1E7A4F7556}") = "TestVector", "TestVector\TestVector.csproj", "{F88FD6D1-0B7F-4849-9A10-E26ADB135A8E}"
EndProject
Project("{9A19103F-16F7-4668-BE54-9A1E7A4F7556}") = "DataBase", "DataBase\DataBase.csproj", "{E93C0D78-ADDD-4C4E-8EFB-A8B4190ABAB8}"
EndProject
Project("{9A19103F-16F7-4668-BE54-9A1E7A4F7556}") = "Transaction", "Transaction\Transaction.csproj", "{25E7BFFA-F24B-4462-BC3A-EEF2EA0716E5}"
EndProject
Project("{9A19103F-16F7-4668-BE54-9A1E7A4F7556}") = "ShopDataBase", "ShopDataBase\ShopDataBase.csproj", "{3DAA8C1A-D5D7-4E11-8D49-188249EAAA89}"
EndProject
Project("{9A19103F-16F7-4668-BE54-9A1E7A4F7556}") = "ShopMigration", "ShopMigration\ShopMigration.csproj", "{A271C1AC-405A-4F5C-B3DA-C67A64B44358}"
EndProject
Project("{9A19103F-16F7-4668-BE54-9A1E7A4F7556}") = "TestScaffold", "TestScaffold\TestScaffold.csproj", "{6A325747-FEC3-4914-BBA0-A2A9BC6C5737}"
EndProject
Project("{FAE04EC0-301F-11D3-BF4B-00C04F79EFBC}") = "UnitOfWork", "UnitOfWork\UnitOfWork.csproj", "{8E4150B6-6911-454B-8B14-E5BB2D860248}"
EndProject
Global
	GlobalSection(SolutionConfigurationPlatforms) = preSolution
		Debug|Any CPU = Debug|Any CPU
		Release|Any CPU = Release|Any CPU
	EndGlobalSection
	GlobalSection(ProjectConfigurationPlatforms) = postSolution
		{20580646-0B60-44BF-8F75-4B709AD5CFF4}.Debug|Any CPU.ActiveCfg = Debug|Any CPU
		{20580646-0B60-44BF-8F75-4B709AD5CFF4}.Debug|Any CPU.Build.0 = Debug|Any CPU
		{20580646-0B60-44BF-8F75-4B709AD5CFF4}.Release|Any CPU.ActiveCfg = Release|Any CPU
		{20580646-0B60-44BF-8F75-4B709AD5CFF4}.Release|Any CPU.Build.0 = Release|Any CPU
		{B0FF4234-15A9-4827-B2B8-AD9885547840}.Debug|Any CPU.ActiveCfg = Debug|Any CPU
		{B0FF4234-15A9-4827-B2B8-AD9885547840}.Debug|Any CPU.Build.0 = Debug|Any CPU
		{B0FF4234-15A9-4827-B2B8-AD9885547840}.Release|Any CPU.ActiveCfg = Release|Any CPU
		{B0FF4234-15A9-4827-B2B8-AD9885547840}.Release|Any CPU.Build.0 = Release|Any CPU
		{9C7A477C-04E0-4A69-A23E-BE3FD8519DDF}.Debug|Any CPU.ActiveCfg = Debug|Any CPU
		{9C7A477C-04E0-4A69-A23E-BE3FD8519DDF}.Debug|Any CPU.Build.0 = Debug|Any CPU
		{9C7A477C-04E0-4A69-A23E-BE3FD8519DDF}.Release|Any CPU.ActiveCfg = Release|Any CPU
		{9C7A477C-04E0-4A69-A23E-BE3FD8519DDF}.Release|Any CPU.Build.0 = Release|Any CPU
		{F8F424C1-EF02-44A3-8715-5E96AF9772A0}.Debug|Any CPU.ActiveCfg = Debug|Any CPU
		{F8F424C1-EF02-44A3-8715-5E96AF9772A0}.Debug|Any CPU.Build.0 = Debug|Any CPU
		{F8F424C1-EF02-44A3-8715-5E96AF9772A0}.Release|Any CPU.ActiveCfg = Release|Any CPU
		{F8F424C1-EF02-44A3-8715-5E96AF9772A0}.Release|Any CPU.Build.0 = Release|Any CPU
		{93680877-6668-4474-87B2-AB4C45E68E02}.Debug|Any CPU.ActiveCfg = Debug|Any CPU
		{93680877-6668-4474-87B2-AB4C45E68E02}.Debug|Any CPU.Build.0 = Debug|Any CPU
		{93680877-6668-4474-87B2-AB4C45E68E02}.Release|Any CPU.ActiveCfg = Release|Any CPU
		{93680877-6668-4474-87B2-AB4C45E68E02}.Release|Any CPU.Build.0 = Release|Any CPU
		{F88FD6D1-0B7F-4849-9A10-E26ADB135A8E}.Debug|Any CPU.ActiveCfg = Debug|Any CPU
		{F88FD6D1-0B7F-4849-9A10-E26ADB135A8E}.Debug|Any CPU.Build.0 = Debug|Any CPU
		{F88FD6D1-0B7F-4849-9A10-E26ADB135A8E}.Release|Any CPU.ActiveCfg = Release|Any CPU
		{F88FD6D1-0B7F-4849-9A10-E26ADB135A8E}.Release|Any CPU.Build.0 = Release|Any CPU
		{E93C0D78-ADDD-4C4E-8EFB-A8B4190ABAB8}.Debug|Any CPU.ActiveCfg = Debug|Any CPU
		{E93C0D78-ADDD-4C4E-8EFB-A8B4190ABAB8}.Debug|Any CPU.Build.0 = Debug|Any CPU
		{E93C0D78-ADDD-4C4E-8EFB-A8B4190ABAB8}.Release|Any CPU.ActiveCfg = Release|Any CPU
		{E93C0D78-ADDD-4C4E-8EFB-A8B4190ABAB8}.Release|Any CPU.Build.0 = Release|Any CPU
		{25E7BFFA-F24B-4462-BC3A-EEF2EA0716E5}.Debug|Any CPU.ActiveCfg = Debug|Any CPU
		{25E7BFFA-F24B-4462-BC3A-EEF2EA0716E5}.Debug|Any CPU.Build.0 = Debug|Any CPU
		{25E7BFFA-F24B-4462-BC3A-EEF2EA0716E5}.Release|Any CPU.ActiveCfg = Release|Any CPU
		{25E7BFFA-F24B-4462-BC3A-EEF2EA0716E5}.Release|Any CPU.Build.0 = Release|Any CPU
		{3DAA8C1A-D5D7-4E11-8D49-188249EAAA89}.Debug|Any CPU.ActiveCfg = Debug|Any CPU
		{3DAA8C1A-D5D7-4E11-8D49-188249EAAA89}.Debug|Any CPU.Build.0 = Debug|Any CPU
		{3DAA8C1A-D5D7-4E11-8D49-188249EAAA89}.Release|Any CPU.ActiveCfg = Release|Any CPU
		{3DAA8C1A-D5D7-4E11-8D49-188249EAAA89}.Release|Any CPU.Build.0 = Release|Any CPU
		{A271C1AC-405A-4F5C-B3DA-C67A64B44358}.Debug|Any CPU.ActiveCfg = Debug|Any CPU
		{A271C1AC-405A-4F5C-B3DA-C67A64B44358}.Debug|Any CPU.Build.0 = Debug|Any CPU
		{A271C1AC-405A-4F5C-B3DA-C67A64B44358}.Release|Any CPU.ActiveCfg = Release|Any CPU
		{A271C1AC-405A-4F5C-B3DA-C67A64B44358}.Release|Any CPU.Build.0 = Release|Any CPU
		{6A325747-FEC3-4914-BBA0-A2A9BC6C5737}.Debug|Any CPU.ActiveCfg = Debug|Any CPU
		{6A325747-FEC3-4914-BBA0-A2A9BC6C5737}.Debug|Any CPU.Build.0 = Debug|Any CPU
		{6A325747-FEC3-4914-BBA0-A2A9BC6C5737}.Release|Any CPU.ActiveCfg = Release|Any CPU
		{6A325747-FEC3-4914-BBA0-A2A9BC6C5737}.Release|Any CPU.Build.0 = Release|Any CPU
		{8E4150B6-6911-454B-8B14-E5BB2D860248}.Debug|Any CPU.ActiveCfg = Debug|Any CPU
		{8E4150B6-6911-454B-8B14-E5BB2D860248}.Debug|Any CPU.Build.0 = Debug|Any CPU
		{8E4150B6-6911-454B-8B14-E5BB2D860248}.Release|Any CPU.ActiveCfg = Release|Any CPU
		{8E4150B6-6911-454B-8B14-E5BB2D860248}.Release|Any CPU.Build.0 = Release|Any CPU
	EndGlobalSection
	GlobalSection(SolutionProperties) = preSolution
		HideSolutionNode = FALSE
	EndGlobalSection
	GlobalSection(ExtensibilityGlobals) = postSolution
		SolutionGuid = {BEBFBA38-03A3-49F9-9AD3-23E241C45230}
	EndGlobalSection
EndGlobal
